
Microsoft Visual Studio Solution File, Format Version 12.00
# Visual Studio 15
VisualStudioVersion = 15.0.28307.852
MinimumVisualStudioVersion = 10.0.40219.1
Project("{9A19103F-16F7-4668-BE54-9A1E7A4F7556}") = "CarRent", "CarRent\CarRent.csproj", "{DEEFBD97-DB7B-4D8B-AFE2-B0DCA8766105}"
EndProject
Project("{2150E333-8FDC-42A3-9474-1A3956D46DE8}") = "tests", "tests", "{1850744A-2CF7-4FF6-B372-6DFF74867792}"
EndProject
Project("{FAE04EC0-301F-11D3-BF4B-00C04F79EFBC}") = "CarRentUnitTests", "CarRentUnitTests\CarRentUnitTests.csproj", "{CE45B020-D80D-4833-9CC3-F383C5297D8E}"
EndProject
Global
	GlobalSection(SolutionConfigurationPlatforms) = preSolution
		Debug|Any CPU = Debug|Any CPU
		Release|Any CPU = Release|Any CPU
	EndGlobalSection
	GlobalSection(ProjectConfigurationPlatforms) = postSolution
		{DEEFBD97-DB7B-4D8B-AFE2-B0DCA8766105}.Debug|Any CPU.ActiveCfg = Debug|Any CPU
		{DEEFBD97-DB7B-4D8B-AFE2-B0DCA8766105}.Debug|Any CPU.Build.0 = Debug|Any CPU
		{DEEFBD97-DB7B-4D8B-AFE2-B0DCA8766105}.Release|Any CPU.ActiveCfg = Release|Any CPU
		{DEEFBD97-DB7B-4D8B-AFE2-B0DCA8766105}.Release|Any CPU.Build.0 = Release|Any CPU
		{CE45B020-D80D-4833-9CC3-F383C5297D8E}.Debug|Any CPU.ActiveCfg = Debug|Any CPU
		{CE45B020-D80D-4833-9CC3-F383C5297D8E}.Debug|Any CPU.Build.0 = Debug|Any CPU
		{CE45B020-D80D-4833-9CC3-F383C5297D8E}.Release|Any CPU.ActiveCfg = Release|Any CPU
		{CE45B020-D80D-4833-9CC3-F383C5297D8E}.Release|Any CPU.Build.0 = Release|Any CPU
	EndGlobalSection
	GlobalSection(SolutionProperties) = preSolution
		HideSolutionNode = FALSE
	EndGlobalSection
	GlobalSection(NestedProjects) = preSolution
		{CE45B020-D80D-4833-9CC3-F383C5297D8E} = {1850744A-2CF7-4FF6-B372-6DFF74867792}
	EndGlobalSection
	GlobalSection(ExtensibilityGlobals) = postSolution
		SolutionGuid = {94ABD045-790C-4E15-B343-76B4CEBCFEC1}
	EndGlobalSection
EndGlobal
